// !$*UTF8*$!
{
	archiveVersion = 1;
	classes = {
	};
	objectVersion = 46;
	objects = {

/* Begin PBXBuildFile section */
		613A13CC1A66859F00984863 /* AppDelegate.swift in Sources */ = {isa = PBXBuildFile; fileRef = 613A13CB1A66859F00984863 /* AppDelegate.swift */; };
		613A13CE1A66859F00984863 /* ViewController.swift in Sources */ = {isa = PBXBuildFile; fileRef = 613A13CD1A66859F00984863 /* ViewController.swift */; };
		613A13D11A66859F00984863 /* Main.storyboard in Resources */ = {isa = PBXBuildFile; fileRef = 613A13CF1A66859F00984863 /* Main.storyboard */; };
		613A13D31A66859F00984863 /* Images.xcassets in Resources */ = {isa = PBXBuildFile; fileRef = 613A13D21A66859F00984863 /* Images.xcassets */; };
		613A13D61A66859F00984863 /* LaunchScreen.xib in Resources */ = {isa = PBXBuildFile; fileRef = 613A13D41A66859F00984863 /* LaunchScreen.xib */; };
		613A13E21A66859F00984863 /* Core_AdmintionsTests.swift in Sources */ = {isa = PBXBuildFile; fileRef = 613A13E11A66859F00984863 /* Core_AdmintionsTests.swift */; };
/* End PBXBuildFile section */

/* Begin PBXContainerItemProxy section */
		613A13DC1A66859F00984863 /* PBXContainerItemProxy */ = {
			isa = PBXContainerItemProxy;
			containerPortal = 613A13BE1A66859F00984863 /* Project object */;
			proxyType = 1;
			remoteGlobalIDString = 613A13C51A66859F00984863;
			remoteInfo = "Core Admintions";
		};
/* End PBXContainerItemProxy section */

/* Begin PBXFileReference section */
		613A13C61A66859F00984863 /* Core Admintions.app */ = {isa = PBXFileReference; explicitFileType = wrapper.application; includeInIndex = 0; path = "Core Admintions.app"; sourceTree = BUILT_PRODUCTS_DIR; };
		613A13CA1A66859F00984863 /* Info.plist */ = {isa = PBXFileReference; lastKnownFileType = text.plist.xml; path = Info.plist; sourceTree = "<group>"; };
		613A13CB1A66859F00984863 /* AppDelegate.swift */ = {isa = PBXFileReference; lastKnownFileType = sourcecode.swift; path = AppDelegate.swift; sourceTree = "<group>"; };
		613A13CD1A66859F00984863 /* ViewController.swift */ = {isa = PBXFileReference; lastKnownFileType = sourcecode.swift; path = ViewController.swift; sourceTree = "<group>"; };
		613A13D01A66859F00984863 /* Base */ = {isa = PBXFileReference; lastKnownFileType = file.storyboard; name = Base; path = Base.lproj/Main.storyboard; sourceTree = "<group>"; };
		613A13D21A66859F00984863 /* Images.xcassets */ = {isa = PBXFileReference; lastKnownFileType = folder.assetcatalog; path = Images.xcassets; sourceTree = "<group>"; };
		613A13D51A66859F00984863 /* Base */ = {isa = PBXFileReference; lastKnownFileType = file.xib; name = Base; path = Base.lproj/LaunchScreen.xib; sourceTree = "<group>"; };
		613A13DB1A66859F00984863 /* Core AdmintionsTests.xctest */ = {isa = PBXFileReference; explicitFileType = wrapper.cfbundle; includeInIndex = 0; path = "Core AdmintionsTests.xctest"; sourceTree = BUILT_PRODUCTS_DIR; };
		613A13E01A66859F00984863 /* Info.plist */ = {isa = PBXFileReference; lastKnownFileType = text.plist.xml; path = Info.plist; sourceTree = "<group>"; };
		613A13E11A66859F00984863 /* Core_AdmintionsTests.swift */ = {isa = PBXFileReference; lastKnownFileType = sourcecode.swift; path = Core_AdmintionsTests.swift; sourceTree = "<group>"; };
/* End PBXFileReference section */

/* Begin PBXFrameworksBuildPhase section */
		613A13C31A66859F00984863 /* Frameworks */ = {
			isa = PBXFrameworksBuildPhase;
			buildActionMask = 2147483647;
			files = (
			);
			runOnlyForDeploymentPostprocessing = 0;
		};
		613A13D81A66859F00984863 /* Frameworks */ = {
			isa = PBXFrameworksBuildPhase;
			buildActionMask = 2147483647;
			files = (
			);
			runOnlyForDeploymentPostprocessing = 0;
		};
/* End PBXFrameworksBuildPhase section */

/* Begin PBXGroup section */
		613A13BD1A66859F00984863 = {
			isa = PBXGroup;
			children = (
				613A13C81A66859F00984863 /* Core Admintions */,
				613A13DE1A66859F00984863 /* Core AdmintionsTests */,
				613A13C71A66859F00984863 /* Products */,
			);
			sourceTree = "<group>";
		};
		613A13C71A66859F00984863 /* Products */ = {
			isa = PBXGroup;
			children = (
				613A13C61A66859F00984863 /* Core Admintions.app */,
				613A13DB1A66859F00984863 /* Core AdmintionsTests.xctest */,
			);
			name = Products;
			sourceTree = "<group>";
		};
		613A13C81A66859F00984863 /* Core Admintions */ = {
			isa = PBXGroup;
			children = (
				613A13CB1A66859F00984863 /* AppDelegate.swift */,
				613A13CD1A66859F00984863 /* ViewController.swift */,
				613A13CF1A66859F00984863 /* Main.storyboard */,
				613A13D21A66859F00984863 /* Images.xcassets */,
				613A13D41A66859F00984863 /* LaunchScreen.xib */,
				613A13C91A66859F00984863 /* Supporting Files */,
			);
			path = "Core Admintions";
			sourceTree = "<group>";
		};
		613A13C91A66859F00984863 /* Supporting Files */ = {
			isa = PBXGroup;
			children = (
				613A13CA1A66859F00984863 /* Info.plist */,
			);
			name = "Supporting Files";
			sourceTree = "<group>";
		};
		613A13DE1A66859F00984863 /* Core AdmintionsTests */ = {
			isa = PBXGroup;
			children = (
				613A13E11A66859F00984863 /* Core_AdmintionsTests.swift */,
				613A13DF1A66859F00984863 /* Supporting Files */,
			);
			path = "Core AdmintionsTests";
			sourceTree = "<group>";
		};
		613A13DF1A66859F00984863 /* Supporting Files */ = {
			isa = PBXGroup;
			children = (
				613A13E01A66859F00984863 /* Info.plist */,
			);
			name = "Supporting Files";
			sourceTree = "<group>";
		};
/* End PBXGroup section */

/* Begin PBXNativeTarget section */
		613A13C51A66859F00984863 /* Core Admintions */ = {
			isa = PBXNativeTarget;
			buildConfigurationList = 613A13E51A66859F00984863 /* Build configuration list for PBXNativeTarget "Core Admintions" */;
			buildPhases = (
				613A13C21A66859F00984863 /* Sources */,
				613A13C31A66859F00984863 /* Frameworks */,
				613A13C41A66859F00984863 /* Resources */,
			);
			buildRules = (
			);
			dependencies = (
			);
			name = "Core Admintions";
			productName = "Core Admintions";
			productReference = 613A13C61A66859F00984863 /* Core Admintions.app */;
			productType = "com.apple.product-type.application";
		};
		613A13DA1A66859F00984863 /* Core AdmintionsTests */ = {
			isa = PBXNativeTarget;
			buildConfigurationList = 613A13E81A66859F00984863 /* Build configuration list for PBXNativeTarget "Core AdmintionsTests" */;
			buildPhases = (
				613A13D71A66859F00984863 /* Sources */,
				613A13D81A66859F00984863 /* Frameworks */,
				613A13D91A66859F00984863 /* Resources */,
			);
			buildRules = (
			);
			dependencies = (
				613A13DD1A66859F00984863 /* PBXTargetDependency */,
			);
			name = "Core AdmintionsTests";
			productName = "Core AdmintionsTests";
			productReference = 613A13DB1A66859F00984863 /* Core AdmintionsTests.xctest */;
			productType = "com.apple.product-type.bundle.unit-test";
		};
/* End PBXNativeTarget section */

/* Begin PBXProject section */
		613A13BE1A66859F00984863 /* Project object */ = {
			isa = PBXProject;
			attributes = {
				LastUpgradeCheck = 0610;
				ORGANIZATIONNAME = "焦俊豪";
				TargetAttributes = {
					613A13C51A66859F00984863 = {
						CreatedOnToolsVersion = 6.1.1;
					};
					613A13DA1A66859F00984863 = {
						CreatedOnToolsVersion = 6.1.1;
						TestTargetID = 613A13C51A66859F00984863;
					};
				};
			};
			buildConfigurationList = 613A13C11A66859F00984863 /* Build configuration list for PBXProject "Core Admintions" */;
			compatibilityVersion = "Xcode 3.2";
			developmentRegion = English;
			hasScannedForEncodings = 0;
			knownRegions = (
				en,
				Base,
			);
			mainGroup = 613A13BD1A66859F00984863;
			productRefGroup = 613A13C71A66859F00984863 /* Products */;
			projectDirPath = "";
			projectRoot = "";
			targets = (
				613A13C51A66859F00984863 /* Core Admintions */,
				613A13DA1A66859F00984863 /* Core AdmintionsTests */,
			);
		};
/* End PBXProject section */

/* Begin PBXResourcesBuildPhase section */
		613A13C41A66859F00984863 /* Resources */ = {
			isa = PBXResourcesBuildPhase;
			buildActionMask = 2147483647;
			files = (
				613A13D11A66859F00984863 /* Main.storyboard in Resources */,
				613A13D61A66859F00984863 /* LaunchScreen.xib in Resources */,
				613A13D31A66859F00984863 /* Images.xcassets in Resources */,
			);
			runOnlyForDeploymentPostprocessing = 0;
		};
		613A13D91A66859F00984863 /* Resources */ = {
			isa = PBXResourcesBuildPhase;
			buildActionMask = 2147483647;
			files = (
			);
			runOnlyForDeploymentPostprocessing = 0;
		};
/* End PBXResourcesBuildPhase section */

/* Begin PBXSourcesBuildPhase section */
		613A13C21A66859F00984863 /* Sources */ = {
			isa = PBXSourcesBuildPhase;
			buildActionMask = 2147483647;
			files = (
				613A13CE1A66859F00984863 /* ViewController.swift in Sources */,
				613A13CC1A66859F00984863 /* AppDelegate.swift in Sources */,
			);
			runOnlyForDeploymentPostprocessing = 0;
		};
		613A13D71A66859F00984863 /* Sources */ = {
			isa = PBXSourcesBuildPhase;
			buildActionMask = 2147483647;
			files = (
				613A13E21A66859F00984863 /* Core_AdmintionsTests.swift in Sources */,
			);
			runOnlyForDeploymentPostprocessing = 0;
		};
/* End PBXSourcesBuildPhase section */

/* Begin PBXTargetDependency section */
		613A13DD1A66859F00984863 /* PBXTargetDependency */ = {
			isa = PBXTargetDependency;
			target = 613A13C51A66859F00984863 /* Core Admintions */;
			targetProxy = 613A13DC1A66859F00984863 /* PBXContainerItemProxy */;
		};
/* End PBXTargetDependency section */

/* Begin PBXVariantGroup section */
		613A13CF1A66859F00984863 /* Main.storyboard */ = {
			isa = PBXVariantGroup;
			children = (
				613A13D01A66859F00984863 /* Base */,
			);
			name = Main.storyboard;
			sourceTree = "<group>";
		};
		613A13D41A66859F00984863 /* LaunchScreen.xib */ = {
			isa = PBXVariantGroup;
			children = (
				613A13D51A66859F00984863 /* Base */,
			);
			name = LaunchScreen.xib;
			sourceTree = "<group>";
		};
/* End PBXVariantGroup section */

/* Begin XCBuildConfiguration section */
		613A13E31A66859F00984863 /* Debug */ = {
			isa = XCBuildConfiguration;
			buildSettings = {
				ALWAYS_SEARCH_USER_PATHS = NO;
				CLANG_CXX_LANGUAGE_STANDARD = "gnu++0x";
				CLANG_CXX_LIBRARY = "libc++";
				CLANG_ENABLE_MODULES = YES;
				CLANG_ENABLE_OBJC_ARC = YES;
				CLANG_WARN_BOOL_CONVERSION = YES;
				CLANG_WARN_CONSTANT_CONVERSION = YES;
				CLANG_WARN_DIRECT_OBJC_ISA_USAGE = YES_ERROR;
				CLANG_WARN_EMPTY_BODY = YES;
				CLANG_WARN_ENUM_CONVERSION = YES;
				CLANG_WARN_INT_CONVERSION = YES;
				CLANG_WARN_OBJC_ROOT_CLASS = YES_ERROR;
				CLANG_WARN_UNREACHABLE_CODE = YES;
				CLANG_WARN__DUPLICATE_METHOD_MATCH = YES;
				"CODE_SIGN_IDENTITY[sdk=iphoneos*]" = "iPhone Developer";
				COPY_PHASE_STRIP = NO;
				ENABLE_STRICT_OBJC_MSGSEND = YES;
				GCC_C_LANGUAGE_STANDARD = gnu99;
				GCC_DYNAMIC_NO_PIC = NO;
				GCC_OPTIMIZATION_LEVEL = 0;
				GCC_PREPROCESSOR_DEFINITIONS = (
					"DEBUG=1",
					"$(inherited)",
				);
				GCC_SYMBOLS_PRIVATE_EXTERN = NO;
				GCC_WARN_64_TO_32_BIT_CONVERSION = YES;
				GCC_WARN_ABOUT_RETURN_TYPE = YES_ERROR;
				GCC_WARN_UNDECLARED_SELECTOR = YES;
				GCC_WARN_UNINITIALIZED_AUTOS = YES_AGGRESSIVE;
				GCC_WARN_UNUSED_FUNCTION = YES;
				GCC_WARN_UNUSED_VARIABLE = YES;
				IPHONEOS_DEPLOYMENT_TARGET = 8.1;
				MTL_ENABLE_DEBUG_INFO = YES;
				ONLY_ACTIVE_ARCH = YES;
				SDKROOT = iphoneos;
				SWIFT_OPTIMIZATION_LEVEL = "-Onone";
				TARGETED_DEVICE_FAMILY = "1,2";
			};
			name = Debug;
		};
		613A13E41A66859F00984863 /* Release */ = {
			isa = XCBuildConfiguration;
			buildSettings = {
				ALWAYS_SEARCH_USER_PATHS = NO;
				CLANG_CXX_LANGUAGE_STANDARD = "gnu++0x";
				CLANG_CXX_LIBRARY = "libc++";
				CLANG_ENABLE_MODULES = YES;
				CLANG_ENABLE_OBJC_ARC = YES;
				CLANG_WARN_BOOL_CONVERSION = YES;
				CLANG_WARN_CONSTANT_CONVERSION = YES;
				CLANG_WARN_DIRECT_OBJC_ISA_USAGE = YES_ERROR;
				CLANG_WARN_EMPTY_BODY = YES;
				CLANG_WARN_ENUM_CONVERSION = YES;
				CLANG_WARN_INT_CONVERSION = YES;
				CLANG_WARN_OBJC_ROOT_CLASS = YES_ERROR;
				CLANG_WARN_UNREACHABLE_CODE = YES;
				CLANG_WARN__DUPLICATE_METHOD_MATCH = YES;
				"CODE_SIGN_IDENTITY[sdk=iphoneos*]" = "iPhone Developer";
				COPY_PHASE_STRIP = YES;
				ENABLE_NS_ASSERTIONS = NO;
				ENABLE_STRICT_OBJC_MSGSEND = YES;
				GCC_C_LANGUAGE_STANDARD = gnu99;
				GCC_WARN_64_TO_32_BIT_CONVERSION = YES;
				GCC_WARN_ABOUT_RETURN_TYPE = YES_ERROR;
				GCC_WARN_UNDECLARED_SELECTOR = YES;
				GCC_WARN_UNINITIALIZED_AUTOS = YES_AGGRESSIVE;
				GCC_WARN_UNUSED_FUNCTION = YES;
				GCC_WARN_UNUSED_VARIABLE = YES;
				IPHONEOS_DEPLOYMENT_TARGET = 8.1;
				MTL_ENABLE_DEBUG_INFO = NO;
				SDKROOT = iphoneos;
				TARGETED_DEVICE_FAMILY = "1,2";
				VALIDATE_PRODUCT = YES;
			};
			name = Release;
		};
		613A13E61A66859F00984863 /* Debug */ = {
			isa = XCBuildConfiguration;
			buildSettings = {
				ASSETCATALOG_COMPILER_APPICON_NAME = AppIcon;
				INFOPLIST_FILE = "Core Admintions/Info.plist";
				LD_RUNPATH_SEARCH_PATHS = "$(inherited) @executable_path/Frameworks";
				PRODUCT_NAME = "$(TARGET_NAME)";
			};
			name = Debug;
		};
		613A13E71A66859F00984863 /* Release */ = {
			isa = XCBuildConfiguration;
			buildSettings = {
				ASSETCATALOG_COMPILER_APPICON_NAME = AppIcon;
				INFOPLIST_FILE = "Core Admintions/Info.plist";
				LD_RUNPATH_SEARCH_PATHS = "$(inherited) @executable_path/Frameworks";
				PRODUCT_NAME = "$(TARGET_NAME)";
			};
			name = Release;
		};
		613A13E91A66859F00984863 /* Debug */ = {
			isa = XCBuildConfiguration;
			buildSettings = {
				BUNDLE_LOADER = "$(TEST_HOST)";
				FRAMEWORK_SEARCH_PATHS = (
					"$(SDKROOT)/Developer/Library/Frameworks",
					"$(inherited)",
				);
				GCC_PREPROCESSOR_DEFINITIONS = (
					"DEBUG=1",
					"$(inherited)",
				);
				INFOPLIST_FILE = "Core AdmintionsTests/Info.plist";
				LD_RUNPATH_SEARCH_PATHS = "$(inherited) @executable_path/Frameworks @loader_path/Frameworks";
				PRODUCT_NAME = "$(TARGET_NAME)";
				TEST_HOST = "$(BUILT_PRODUCTS_DIR)/Core Admintions.app/Core Admintions";
			};
			name = Debug;
		};
		613A13EA1A66859F00984863 /* Release */ = {
			isa = XCBuildConfiguration;
			buildSettings = {
				BUNDLE_LOADER = "$(TEST_HOST)";
				FRAMEWORK_SEARCH_PATHS = (
					"$(SDKROOT)/Developer/Library/Frameworks",
					"$(inherited)",
				);
				INFOPLIST_FILE = "Core AdmintionsTests/Info.plist";
				LD_RUNPATH_SEARCH_PATHS = "$(inherited) @executable_path/Frameworks @loader_path/Frameworks";
				PRODUCT_NAME = "$(TARGET_NAME)";
				TEST_HOST = "$(BUILT_PRODUCTS_DIR)/Core Admintions.app/Core Admintions";
			};
			name = Release;
		};
/* End XCBuildConfiguration section */

/* Begin XCConfigurationList section */
		613A13C11A66859F00984863 /* Build configuration list for PBXProject "Core Admintions" */ = {
			isa = XCConfigurationList;
			buildConfigurations = (
				613A13E31A66859F00984863 /* Debug */,
				613A13E41A66859F00984863 /* Release */,
			);
			defaultConfigurationIsVisible = 0;
			defaultConfigurationName = Release;
		};
		613A13E51A66859F00984863 /* Build configuration list for PBXNativeTarget "Core Admintions" */ = {
			isa = XCConfigurationList;
			buildConfigurations = (
				613A13E61A66859F00984863 /* Debug */,
				613A13E71A66859F00984863 /* Release */,
			);
			defaultConfigurationIsVisible = 0;
		};
		613A13E81A66859F00984863 /* Build configuration list for PBXNativeTarget "Core AdmintionsTests" */ = {
			isa = XCConfigurationList;
			buildConfigurations = (
				613A13E91A66859F00984863 /* Debug */,
				613A13EA1A66859F00984863 /* Release */,
			);
			defaultConfigurationIsVisible = 0;
		};
/* End XCConfigurationList section */
	};
	rootObject = 613A13BE1A66859F00984863 /* Project object */;
}
